{
  "pins" : [
    {
      "identity" : "lbtatools",
      "kind" : "remoteSourceControl",
      "location" : "https://github.com/bhlvoong/LBTATools.git",
      "state" : {
        "revision" : "dce147bfbdc0417a4b430ec220c088629e9dc81d",
        "version" : "1.0.17"
      }
    },
    {
      "identity" : "sidemenu",
      "kind" : "remoteSourceControl",
      "location" : "https://github.com/jonkykong/SideMenu.git",
      "state" : {
        "revision" : "8bd4fd128923cf5494fa726839af8afe12908ad9",
        "version" : "6.5.0"
      }
    }
  ],
  "version" : 2
}
